
Microsoft Visual Studio Solution File, Format Version 12.00
# Visual Studio Version 17
VisualStudioVersion = 17.7.34031.279
MinimumVisualStudioVersion = 10.0.40219.1
Project("{FAE04EC0-301F-11D3-BF4B-00C04F79EFBC}") = "rszi1v2", "rszi1v2\rszi1v2.csproj", "{408B6684-3D54-4F08-A01B-90067FC9C20E}"
EndProject
Global
	GlobalSection(SolutionConfigurationPlatforms) = preSolution
		Debug|Any CPU = Debug|Any CPU
		Release|Any CPU = Release|Any CPU
	EndGlobalSection
	GlobalSection(ProjectConfigurationPlatforms) = postSolution
		{408B6684-3D54-4F08-A01B-90067FC9C20E}.Debug|Any CPU.ActiveCfg = Debug|Any CPU
		{408B6684-3D54-4F08-A01B-90067FC9C20E}.Debug|Any CPU.Build.0 = Debug|Any CPU
		{408B6684-3D54-4F08-A01B-90067FC9C20E}.Release|Any CPU.ActiveCfg = Release|Any CPU
		{408B6684-3D54-4F08-A01B-90067FC9C20E}.Release|Any CPU.Build.0 = Release|Any CPU
	EndGlobalSection
	GlobalSection(SolutionProperties) = preSolution
		HideSolutionNode = FALSE
	EndGlobalSection
	GlobalSection(ExtensibilityGlobals) = postSolution
		SolutionGuid = {B41EB279-56B4-48F9-A6C6-F359BE0AED97}
	EndGlobalSection
EndGlobal
